
Microsoft Visual Studio Solution File, Format Version 12.00
# Visual Studio Version 17
VisualStudioVersion = 17.14.37203.1
MinimumVisualStudioVersion = 10.0.40219.1
Project("{FAE04EC0-301F-11D3-BF4B-00C04F79EFBC}") = "PickByLightCaptronConsole", "PickByLightCaptronConsole\PickByLightCaptronConsole.csproj", "{59E06786-4B39-4EE1-AF7D-6A0B4C5AF8D7}"
EndProject
Global
	GlobalSection(SolutionConfigurationPlatforms) = preSolution
		Debug|Any CPU = Debug|Any CPU
		Release|Any CPU = Release|Any CPU
	EndGlobalSection
	GlobalSection(ProjectConfigurationPlatforms) = postSolution
		{59E06786-4B39-4EE1-AF7D-6A0B4C5AF8D7}.Debug|Any CPU.ActiveCfg = Debug|Any CPU
		{59E06786-4B39-4EE1-AF7D-6A0B4C5AF8D7}.Debug|Any CPU.Build.0 = Debug|Any CPU
		{59E06786-4B39-4EE1-AF7D-6A0B4C5AF8D7}.Release|Any CPU.ActiveCfg = Release|Any CPU
		{59E06786-4B39-4EE1-AF7D-6A0B4C5AF8D7}.Release|Any CPU.Build.0 = Release|Any CPU
	EndGlobalSection
	GlobalSection(SolutionProperties) = preSolution
		HideSolutionNode = FALSE
	EndGlobalSection
	GlobalSection(ExtensibilityGlobals) = postSolution
		SolutionGuid = {8FAF437B-47D5-4A9F-8589-D138F033BAEA}
	EndGlobalSection
EndGlobal
