
Microsoft Visual Studio Solution File, Format Version 12.00
# Visual Studio Version 17
VisualStudioVersion = 17.14.37216.2 d17.14
MinimumVisualStudioVersion = 10.0.40219.1
Project("{FAE04EC0-301F-11D3-BF4B-00C04F79EFBC}") = "ConsoleApp1", "ConsoleApp1\ConsoleApp1.csproj", "{FA8B513E-5A7D-4CF4-9DF1-035EF6397536}"
EndProject
Global
	GlobalSection(SolutionConfigurationPlatforms) = preSolution
		Debug|Any CPU = Debug|Any CPU
		Release|Any CPU = Release|Any CPU
	EndGlobalSection
	GlobalSection(ProjectConfigurationPlatforms) = postSolution
		{FA8B513E-5A7D-4CF4-9DF1-035EF6397536}.Debug|Any CPU.ActiveCfg = Debug|Any CPU
		{FA8B513E-5A7D-4CF4-9DF1-035EF6397536}.Debug|Any CPU.Build.0 = Debug|Any CPU
		{FA8B513E-5A7D-4CF4-9DF1-035EF6397536}.Release|Any CPU.ActiveCfg = Release|Any CPU
		{FA8B513E-5A7D-4CF4-9DF1-035EF6397536}.Release|Any CPU.Build.0 = Release|Any CPU
	EndGlobalSection
	GlobalSection(SolutionProperties) = preSolution
		HideSolutionNode = FALSE
	EndGlobalSection
	GlobalSection(ExtensibilityGlobals) = postSolution
		SolutionGuid = {99C03259-A874-423D-B296-701BAD036DB8}
	EndGlobalSection
EndGlobal
